
Microsoft Visual Studio Solution File, Format Version 12.00
# Visual Studio Version 17
VisualStudioVersion = 17.12.35707.178
MinimumVisualStudioVersion = 10.0.40219.1
Project("{FAE04EC0-301F-11D3-BF4B-00C04F79EFBC}") = "EliteJobs.App", "EliteJobs.App\EliteJobs.App.csproj", "{4FA48710-0493-41ED-AA94-D5F44E80B962}"
EndProject
Global
	GlobalSection(SolutionConfigurationPlatforms) = preSolution
		Debug|Any CPU = Debug|Any CPU
		Release|Any CPU = Release|Any CPU
	EndGlobalSection
	GlobalSection(ProjectConfigurationPlatforms) = postSolution
		{4FA48710-0493-41ED-AA94-D5F44E80B962}.Debug|Any CPU.ActiveCfg = Debug|Any CPU
		{4FA48710-0493-41ED-AA94-D5F44E80B962}.Debug|Any CPU.Build.0 = Debug|Any CPU
		{4FA48710-0493-41ED-AA94-D5F44E80B962}.Release|Any CPU.ActiveCfg = Release|Any CPU
		{4FA48710-0493-41ED-AA94-D5F44E80B962}.Release|Any CPU.Build.0 = Release|Any CPU
	EndGlobalSection
	GlobalSection(SolutionProperties) = preSolution
		HideSolutionNode = FALSE
	EndGlobalSection
	GlobalSection(ExtensibilityGlobals) = postSolution
		SolutionGuid = {52E567E1-0D12-4F6A-B110-CF480CC3D772}
	EndGlobalSection
EndGlobal
